// !$*UTF8*$!
{
	archiveVersion = 1;
	classes = {
	};
	objectVersion = 48;
	objects = {

/* Begin PBXBuildFile section */
		846DCA48207FB69E00739E51 /* AppDelegate.m in Sources */ = {isa = PBXBuildFile; fileRef = 846DCA47207FB69E00739E51 /* AppDelegate.m */; };
		846DCA4B207FB69E00739E51 /* ViewController.m in Sources */ = {isa = PBXBuildFile; fileRef = 846DCA4A207FB69E00739E51 /* ViewController.m */; };
		846DCA4E207FB69E00739E51 /* Main.storyboard in Resources */ = {isa = PBXBuildFile; fileRef = 846DCA4C207FB69E00739E51 /* Main.storyboard */; };
		846DCA50207FB69E00739E51 /* Assets.xcassets in Resources */ = {isa = PBXBuildFile; fileRef = 846DCA4F207FB69E00739E51 /* Assets.xcassets */; };
		846DCA53207FB69F00739E51 /* LaunchScreen.storyboard in Resources */ = {isa = PBXBuildFile; fileRef = 846DCA51207FB69E00739E51 /* LaunchScreen.storyboard */; };
		846DCA56207FB69F00739E51 /* main.m in Sources */ = {isa = PBXBuildFile; fileRef = 846DCA55207FB69F00739E51 /* main.m */; };
/* End PBXBuildFile section */

/* Begin PBXFileReference section */
		846DCA43207FB69E00739E51 /* NSArray.app */ = {isa = PBXFileReference; explicitFileType = wrapper.application; includeInIndex = 0; path = NSArray.app; sourceTree = BUILT_PRODUCTS_DIR; };
		846DCA46207FB69E00739E51 /* AppDelegate.h */ = {isa = PBXFileReference; lastKnownFileType = sourcecode.c.h; path = AppDelegate.h; sourceTree = "<group>"; };
		846DCA47207FB69E00739E51 /* AppDelegate.m */ = {isa = PBXFileReference; lastKnownFileType = sourcecode.c.objc; path = AppDelegate.m; sourceTree = "<group>"; };
		846DCA49207FB69E00739E51 /* ViewController.h */ = {isa = PBXFileReference; lastKnownFileType = sourcecode.c.h; path = ViewController.h; sourceTree = "<group>"; };
		846DCA4A207FB69E00739E51 /* ViewController.m */ = {isa = PBXFileReference; lastKnownFileType = sourcecode.c.objc; path = ViewController.m; sourceTree = "<group>"; };
		846DCA4D207FB69E00739E51 /* Base */ = {isa = PBXFileReference; lastKnownFileType = file.storyboard; name = Base; path = Base.lproj/Main.storyboard; sourceTree = "<group>"; };
		846DCA4F207FB69E00739E51 /* Assets.xcassets */ = {isa = PBXFileReference; lastKnownFileType = folder.assetcatalog; path = Assets.xcassets; sourceTree = "<group>"; };
		846DCA52207FB69F00739E51 /* Base */ = {isa = PBXFileReference; lastKnownFileType = file.storyboard; name = Base; path = Base.lproj/LaunchScreen.storyboard; sourceTree = "<group>"; };
		846DCA54207FB69F00739E51 /* Info.plist */ = {isa = PBXFileReference; lastKnownFileType = text.plist.xml; path = Info.plist; sourceTree = "<group>"; };
		846DCA55207FB69F00739E51 /* main.m */ = {isa = PBXFileReference; lastKnownFileType = sourcecode.c.objc; path = main.m; sourceTree = "<group>"; };
/* End PBXFileReference section */

/* Begin PBXFrameworksBuildPhase section */
		846DCA40207FB69E00739E51 /* Frameworks */ = {
			isa = PBXFrameworksBuildPhase;
			buildActionMask = 2147483647;
			files = (
			);
			runOnlyForDeploymentPostprocessing = 0;
		};
/* End PBXFrameworksBuildPhase section */

/* Begin PBXGroup section */
		846DCA3A207FB69E00739E51 = {
			isa = PBXGroup;
			children = (
				846DCA45207FB69E00739E51 /* NSArray */,
				846DCA44207FB69E00739E51 /* Products */,
			);
			sourceTree = "<group>";
		};
		846DCA44207FB69E00739E51 /* Products */ = {
			isa = PBXGroup;
			children = (
				846DCA43207FB69E00739E51 /* NSArray.app */,
			);
			name = Products;
			sourceTree = "<group>";
		};
		846DCA45207FB69E00739E51 /* NSArray */ = {
			isa = PBXGroup;
			children = (
				846DCA46207FB69E00739E51 /* AppDelegate.h */,
				846DCA47207FB69E00739E51 /* AppDelegate.m */,
				846DCA49207FB69E00739E51 /* ViewController.h */,
				846DCA4A207FB69E00739E51 /* ViewController.m */,
				846DCA4C207FB69E00739E51 /* Main.storyboard */,
				846DCA4F207FB69E00739E51 /* Assets.xcassets */,
				846DCA51207FB69E00739E51 /* LaunchScreen.storyboard */,
				846DCA54207FB69F00739E51 /* Info.plist */,
				846DCA55207FB69F00739E51 /* main.m */,
			);
			path = NSArray;
			sourceTree = "<group>";
		};
/* End PBXGroup section */

/* Begin PBXNativeTarget section */
		846DCA42207FB69E00739E51 /* NSArray */ = {
			isa = PBXNativeTarget;
			buildConfigurationList = 846DCA59207FB69F00739E51 /* Build configuration list for PBXNativeTarget "NSArray" */;
			buildPhases = (
				846DCA3F207FB69E00739E51 /* Sources */,
				846DCA40207FB69E00739E51 /* Frameworks */,
				846DCA41207FB69E00739E51 /* Resources */,
			);
			buildRules = (
			);
			dependencies = (
			);
			name = NSArray;
			productName = NSArray;
			productReference = 846DCA43207FB69E00739E51 /* NSArray.app */;
			productType = "com.apple.product-type.application";
		};
/* End PBXNativeTarget section */

/* Begin PBXProject section */
		846DCA3B207FB69E00739E51 /* Project object */ = {
			isa = PBXProject;
			attributes = {
				LastUpgradeCheck = 0920;
				ORGANIZATIONNAME = GoldenGeorge;
				TargetAttributes = {
					846DCA42207FB69E00739E51 = {
						CreatedOnToolsVersion = 9.2;
						ProvisioningStyle = Automatic;
					};
				};
			};
			buildConfigurationList = 846DCA3E207FB69E00739E51 /* Build configuration list for PBXProject "NSArray" */;
			compatibilityVersion = "Xcode 8.0";
			developmentRegion = en;
			hasScannedForEncodings = 0;
			knownRegions = (
				en,
				Base,
			);
			mainGroup = 846DCA3A207FB69E00739E51;
			productRefGroup = 846DCA44207FB69E00739E51 /* Products */;
			projectDirPath = "";
			projectRoot = "";
			targets = (
				846DCA42207FB69E00739E51 /* NSArray */,
			);
		};
/* End PBXProject section */

/* Begin PBXResourcesBuildPhase section */
		846DCA41207FB69E00739E51 /* Resources */ = {
			isa = PBXResourcesBuildPhase;
			buildActionMask = 2147483647;
			files = (
				846DCA53207FB69F00739E51 /* LaunchScreen.storyboard in Resources */,
				846DCA50207FB69E00739E51 /* Assets.xcassets in Resources */,
				846DCA4E207FB69E00739E51 /* Main.storyboard in Resources */,
			);
			runOnlyForDeploymentPostprocessing = 0;
		};
/* End PBXResourcesBuildPhase section */

/* Begin PBXSourcesBuildPhase section */
		846DCA3F207FB69E00739E51 /* Sources */ = {
			isa = PBXSourcesBuildPhase;
			buildActionMask = 2147483647;
			files = (
				846DCA4B207FB69E00739E51 /* ViewController.m in Sources */,
				846DCA56207FB69F00739E51 /* main.m in Sources */,
				846DCA48207FB69E00739E51 /* AppDelegate.m in Sources */,
			);
			runOnlyForDeploymentPostprocessing = 0;
		};
/* End PBXSourcesBuildPhase section */

/* Begin PBXVariantGroup section */
		846DCA4C207FB69E00739E51 /* Main.storyboard */ = {
			isa = PBXVariantGroup;
			children = (
				846DCA4D207FB69E00739E51 /* Base */,
			);
			name = Main.storyboard;
			sourceTree = "<group>";
		};
		846DCA51207FB69E00739E51 /* LaunchScreen.storyboard */ = {
			isa = PBXVariantGroup;
			children = (
				846DCA52207FB69F00739E51 /* Base */,
			);
			name = LaunchScreen.storyboard;
			sourceTree = "<group>";
		};
/* End PBXVariantGroup section */

/* Begin XCBuildConfiguration section */
		846DCA57207FB69F00739E51 /* Debug */ = {
			isa = XCBuildConfiguration;
			buildSettings = {
				ALWAYS_SEARCH_USER_PATHS = NO;
				CLANG_ANALYZER_NONNULL = YES;
				CLANG_ANALYZER_NUMBER_OBJECT_CONVERSION = YES_AGGRESSIVE;
				CLANG_CXX_LANGUAGE_STANDARD = "gnu++14";
				CLANG_CXX_LIBRARY = "libc++";
				CLANG_ENABLE_MODULES = YES;
				CLANG_ENABLE_OBJC_ARC = YES;
				CLANG_WARN_BLOCK_CAPTURE_AUTORELEASING = YES;
				CLANG_WARN_BOOL_CONVERSION = YES;
				CLANG_WARN_COMMA = YES;
				CLANG_WARN_CONSTANT_CONVERSION = YES;
				CLANG_WARN_DIRECT_OBJC_ISA_USAGE = YES_ERROR;
				CLANG_WARN_DOCUMENTATION_COMMENTS = YES;
				CLANG_WARN_EMPTY_BODY = YES;
				CLANG_WARN_ENUM_CONVERSION = YES;
				CLANG_WARN_INFINITE_RECURSION = YES;
				CLANG_WARN_INT_CONVERSION = YES;
				CLANG_WARN_NON_LITERAL_NULL_CONVERSION = YES;
				CLANG_WARN_OBJC_LITERAL_CONVERSION = YES;
				CLANG_WARN_OBJC_ROOT_CLASS = YES_ERROR;
				CLANG_WARN_RANGE_LOOP_ANALYSIS = YES;
				CLANG_WARN_STRICT_PROTOTYPES = YES;
				CLANG_WARN_SUSPICIOUS_MOVE = YES;
				CLANG_WARN_UNGUARDED_AVAILABILITY = YES_AGGRESSIVE;
				CLANG_WARN_UNREACHABLE_CODE = YES;
				CLANG_WARN__DUPLICATE_METHOD_MATCH = YES;
				CODE_SIGN_IDENTITY = "iPhone Developer";
				COPY_PHASE_STRIP = NO;
				DEBUG_INFORMATION_FORMAT = dwarf;
				ENABLE_STRICT_OBJC_MSGSEND = YES;
				ENABLE_TESTABILITY = YES;
				GCC_C_LANGUAGE_STANDARD = gnu11;
				GCC_DYNAMIC_NO_PIC = NO;
				GCC_NO_COMMON_BLOCKS = YES;
				GCC_OPTIMIZATION_LEVEL = 0;
				GCC_PREPROCESSOR_DEFINITIONS = (
					"DEBUG=1",
					"$(inherited)",
				);
				GCC_WARN_64_TO_32_BIT_CONVERSION = YES;
				GCC_WARN_ABOUT_RETURN_TYPE = YES_ERROR;
				GCC_WARN_UNDECLARED_SELECTOR = YES;
				GCC_WARN_UNINITIALIZED_AUTOS = YES_AGGRESSIVE;
				GCC_WARN_UNUSED_FUNCTION = YES;
				GCC_WARN_UNUSED_VARIABLE = YES;
				IPHONEOS_DEPLOYMENT_TARGET = 11.2;
				MTL_ENABLE_DEBUG_INFO = YES;
				ONLY_ACTIVE_ARCH = YES;
				SDKROOT = iphoneos;
			};
			name = Debug;
		};
		846DCA58207FB69F00739E51 /* Release */ = {
			isa = XCBuildConfiguration;
			buildSettings = {
				ALWAYS_SEARCH_USER_PATHS = NO;
				CLANG_ANALYZER_NONNULL = YES;
				CLANG_ANALYZER_NUMBER_OBJECT_CONVERSION = YES_AGGRESSIVE;
				CLANG_CXX_LANGUAGE_STANDARD = "gnu++14";
				CLANG_CXX_LIBRARY = "libc++";
				CLANG_ENABLE_MODULES = YES;
				CLANG_ENABLE_OBJC_ARC = YES;
				CLANG_WARN_BLOCK_CAPTURE_AUTORELEASING = YES;
				CLANG_WARN_BOOL_CONVERSION = YES;
				CLANG_WARN_COMMA = YES;
				CLANG_WARN_CONSTANT_CONVERSION = YES;
				CLANG_WARN_DIRECT_OBJC_ISA_USAGE = YES_ERROR;
				CLANG_WARN_DOCUMENTATION_COMMENTS = YES;
				CLANG_WARN_EMPTY_BODY = YES;
				CLANG_WARN_ENUM_CONVERSION = YES;
				CLANG_WARN_INFINITE_RECURSION = YES;
				CLANG_WARN_INT_CONVERSION = YES;
				CLANG_WARN_NON_LITERAL_NULL_CONVERSION = YES;
				CLANG_WARN_OBJC_LITERAL_CONVERSION = YES;
				CLANG_WARN_OBJC_ROOT_CLASS = YES_ERROR;
				CLANG_WARN_RANGE_LOOP_ANALYSIS = YES;
				CLANG_WARN_STRICT_PROTOTYPES = YES;
				CLANG_WARN_SUSPICIOUS_MOVE = YES;
				CLANG_WARN_UNGUARDED_AVAILABILITY = YES_AGGRESSIVE;
				CLANG_WARN_UNREACHABLE_CODE = YES;
				CLANG_WARN__DUPLICATE_METHOD_MATCH = YES;
				CODE_SIGN_IDENTITY = "iPhone Developer";
				COPY_PHASE_STRIP = NO;
				DEBUG_INFORMATION_FORMAT = "dwarf-with-dsym";
				ENABLE_NS_ASSERTIONS = NO;
				ENABLE_STRICT_OBJC_MSGSEND = YES;
				GCC_C_LANGUAGE_STANDARD = gnu11;
				GCC_NO_COMMON_BLOCKS = YES;
				GCC_WARN_64_TO_32_BIT_CONVERSION = YES;
				GCC_WARN_ABOUT_RETURN_TYPE = YES_ERROR;
				GCC_WARN_UNDECLARED_SELECTOR = YES;
				GCC_WARN_UNINITIALIZED_AUTOS = YES_AGGRESSIVE;
				GCC_WARN_UNUSED_FUNCTION = YES;
				GCC_WARN_UNUSED_VARIABLE = YES;
				IPHONEOS_DEPLOYMENT_TARGET = 11.2;
				MTL_ENABLE_DEBUG_INFO = NO;
				SDKROOT = iphoneos;
				VALIDATE_PRODUCT = YES;
			};
			name = Release;
		};
		846DCA5A207FB69F00739E51 /* Debug */ = {
			isa = XCBuildConfiguration;
			buildSettings = {
				ASSETCATALOG_COMPILER_APPICON_NAME = AppIcon;
				CODE_SIGN_STYLE = Automatic;
				DEVELOPMENT_TEAM = Q8BW2U463B;
				INFOPLIST_FILE = NSArray/Info.plist;
				LD_RUNPATH_SEARCH_PATHS = "$(inherited) @executable_path/Frameworks";
				PRODUCT_BUNDLE_IDENTIFIER = com.GoldenGeorge.NSArray;
				PRODUCT_NAME = "$(TARGET_NAME)";
				TARGETED_DEVICE_FAMILY = "1,2";
			};
			name = Debug;
		};
		846DCA5B207FB69F00739E51 /* Release */ = {
			isa = XCBuildConfiguration;
			buildSettings = {
				ASSETCATALOG_COMPILER_APPICON_NAME = AppIcon;
				CODE_SIGN_STYLE = Automatic;
				DEVELOPMENT_TEAM = Q8BW2U463B;
				INFOPLIST_FILE = NSArray/Info.plist;
				LD_RUNPATH_SEARCH_PATHS = "$(inherited) @executable_path/Frameworks";
				PRODUCT_BUNDLE_IDENTIFIER = com.GoldenGeorge.NSArray;
				PRODUCT_NAME = "$(TARGET_NAME)";
				TARGETED_DEVICE_FAMILY = "1,2";
			};
			name = Release;
		};
/* End XCBuildConfiguration section */

/* Begin XCConfigurationList section */
		846DCA3E207FB69E00739E51 /* Build configuration list for PBXProject "NSArray" */ = {
			isa = XCConfigurationList;
			buildConfigurations = (
				846DCA57207FB69F00739E51 /* Debug */,
				846DCA58207FB69F00739E51 /* Release */,
			);
			defaultConfigurationIsVisible = 0;
			defaultConfigurationName = Release;
		};
		846DCA59207FB69F00739E51 /* Build configuration list for PBXNativeTarget "NSArray" */ = {
			isa = XCConfigurationList;
			buildConfigurations = (
				846DCA5A207FB69F00739E51 /* Debug */,
				846DCA5B207FB69F00739E51 /* Release */,
			);
			defaultConfigurationIsVisible = 0;
			defaultConfigurationName = Release;
		};
/* End XCConfigurationList section */
	};
	rootObject = 846DCA3B207FB69E00739E51 /* Project object */;
}
